
Microsoft Visual Studio Solution File, Format Version 12.00
# Visual Studio Version 17
VisualStudioVersion = 17.10.35122.118
MinimumVisualStudioVersion = 10.0.40219.1
Project("{FAE04EC0-301F-11D3-BF4B-00C04F79EFBC}") = "Maze", "Maze\Maze.csproj", "{6F0CDBBD-9A64-45E3-9E31-DAF9503D9384}"
EndProject
Global
	GlobalSection(SolutionConfigurationPlatforms) = preSolution
		Debug|Any CPU = Debug|Any CPU
		Release|Any CPU = Release|Any CPU
	EndGlobalSection
	GlobalSection(ProjectConfigurationPlatforms) = postSolution
		{6F0CDBBD-9A64-45E3-9E31-DAF9503D9384}.Debug|Any CPU.ActiveCfg = Debug|Any CPU
		{6F0CDBBD-9A64-45E3-9E31-DAF9503D9384}.Debug|Any CPU.Build.0 = Debug|Any CPU
		{6F0CDBBD-9A64-45E3-9E31-DAF9503D9384}.Release|Any CPU.ActiveCfg = Release|Any CPU
		{6F0CDBBD-9A64-45E3-9E31-DAF9503D9384}.Release|Any CPU.Build.0 = Release|Any CPU
	EndGlobalSection
	GlobalSection(SolutionProperties) = preSolution
		HideSolutionNode = FALSE
	EndGlobalSection
	GlobalSection(ExtensibilityGlobals) = postSolution
		SolutionGuid = {D18CBB98-2EF8-453C-83BA-71F42E87C01A}
	EndGlobalSection
EndGlobal
